
Microsoft Visual Studio Solution File, Format Version 12.00
# Visual Studio Version 16
VisualStudioVersion = 16.0.29215.179
MinimumVisualStudioVersion = 10.0.40219.1
Project("{FAE04EC0-301F-11D3-BF4B-00C04F79EFBC}") = "Assignment A - Simple Math - Server", "More TCP Programming Server - Client\Assignment A - Simple Math - Server.csproj", "{D15D0A2A-8EEC-4D7C-AB6B-D4D6335B8B77}"
EndProject
Project("{FAE04EC0-301F-11D3-BF4B-00C04F79EFBC}") = "Assignment A - Simple Math - Client", "Assignment A - Simple Math - Client\Assignment A - Simple Math - Client.csproj", "{39FF46BE-7B3D-4615-97DA-659E93BE8DD7}"
EndProject
Project("{FAE04EC0-301F-11D3-BF4B-00C04F79EFBC}") = "Assignment B - More Math Now With Decimal Numbers - Server", "Assignment B - More Math Now With Decimal Numbers - Server\Assignment B - More Math Now With Decimal Numbers - Server.csproj", "{DD90374D-6A92-4863-8566-283A0EE0DFD9}"
EndProject
Project("{FAE04EC0-301F-11D3-BF4B-00C04F79EFBC}") = "Assignment B - More Math Now With Decimal Numbers - Client", "Assignment B - More Math Now With Decimal Numbers - Client\Assignment B - More Math Now With Decimal Numbers - Client.csproj", "{ADF307A9-E951-47F4-8F0D-3D55604528EB}"
EndProject
Global
	GlobalSection(SolutionConfigurationPlatforms) = preSolution
		Debug|Any CPU = Debug|Any CPU
		Release|Any CPU = Release|Any CPU
	EndGlobalSection
	GlobalSection(ProjectConfigurationPlatforms) = postSolution
		{D15D0A2A-8EEC-4D7C-AB6B-D4D6335B8B77}.Debug|Any CPU.ActiveCfg = Debug|Any CPU
		{D15D0A2A-8EEC-4D7C-AB6B-D4D6335B8B77}.Debug|Any CPU.Build.0 = Debug|Any CPU
		{D15D0A2A-8EEC-4D7C-AB6B-D4D6335B8B77}.Release|Any CPU.ActiveCfg = Release|Any CPU
		{D15D0A2A-8EEC-4D7C-AB6B-D4D6335B8B77}.Release|Any CPU.Build.0 = Release|Any CPU
		{39FF46BE-7B3D-4615-97DA-659E93BE8DD7}.Debug|Any CPU.ActiveCfg = Debug|Any CPU
		{39FF46BE-7B3D-4615-97DA-659E93BE8DD7}.Debug|Any CPU.Build.0 = Debug|Any CPU
		{39FF46BE-7B3D-4615-97DA-659E93BE8DD7}.Release|Any CPU.ActiveCfg = Release|Any CPU
		{39FF46BE-7B3D-4615-97DA-659E93BE8DD7}.Release|Any CPU.Build.0 = Release|Any CPU
		{DD90374D-6A92-4863-8566-283A0EE0DFD9}.Debug|Any CPU.ActiveCfg = Debug|Any CPU
		{DD90374D-6A92-4863-8566-283A0EE0DFD9}.Debug|Any CPU.Build.0 = Debug|Any CPU
		{DD90374D-6A92-4863-8566-283A0EE0DFD9}.Release|Any CPU.ActiveCfg = Release|Any CPU
		{DD90374D-6A92-4863-8566-283A0EE0DFD9}.Release|Any CPU.Build.0 = Release|Any CPU
		{ADF307A9-E951-47F4-8F0D-3D55604528EB}.Debug|Any CPU.ActiveCfg = Debug|Any CPU
		{ADF307A9-E951-47F4-8F0D-3D55604528EB}.Debug|Any CPU.Build.0 = Debug|Any CPU
		{ADF307A9-E951-47F4-8F0D-3D55604528EB}.Release|Any CPU.ActiveCfg = Release|Any CPU
		{ADF307A9-E951-47F4-8F0D-3D55604528EB}.Release|Any CPU.Build.0 = Release|Any CPU
	EndGlobalSection
	GlobalSection(SolutionProperties) = preSolution
		HideSolutionNode = FALSE
	EndGlobalSection
	GlobalSection(ExtensibilityGlobals) = postSolution
		SolutionGuid = {F690338D-C654-4907-867A-FBB91B2C4EFB}
	EndGlobalSection
EndGlobal
